
Microsoft Visual Studio Solution File, Format Version 12.00
# Visual Studio 15
VisualStudioVersion = 15.0.28307.1622
MinimumVisualStudioVersion = 10.0.40219.1
Project("{FAE04EC0-301F-11D3-BF4B-00C04F79EFBC}") = "WindowsFormsApp5", "WindowsFormsApp5\WindowsFormsApp5.csproj", "{E939AF63-5F2E-452A-A424-B02E26F15559}"
EndProject
Global
	GlobalSection(SolutionConfigurationPlatforms) = preSolution
		Debug|Any CPU = Debug|Any CPU
		Release|Any CPU = Release|Any CPU
	EndGlobalSection
	GlobalSection(ProjectConfigurationPlatforms) = postSolution
		{E939AF63-5F2E-452A-A424-B02E26F15559}.Debug|Any CPU.ActiveCfg = Debug|Any CPU
		{E939AF63-5F2E-452A-A424-B02E26F15559}.Debug|Any CPU.Build.0 = Debug|Any CPU
		{E939AF63-5F2E-452A-A424-B02E26F15559}.Release|Any CPU.ActiveCfg = Release|Any CPU
		{E939AF63-5F2E-452A-A424-B02E26F15559}.Release|Any CPU.Build.0 = Release|Any CPU
	EndGlobalSection
	GlobalSection(SolutionProperties) = preSolution
		HideSolutionNode = FALSE
	EndGlobalSection
	GlobalSection(ExtensibilityGlobals) = postSolution
		SolutionGuid = {697D9E09-989E-4037-93E1-93CA202537FA}
	EndGlobalSection
EndGlobal
